{
  "name": "@monanksojitra/system-clean",
  "version": "1.0.4",
  "lockfileVersion": 3,
  "requires": true,
  "packages": {
    "": {
      "name": "@monanksojitra/system-clean",
      "version": "1.0.4",
      "license": "MIT",
      "bin": {
        "system-clean": "bin/system-clean.js"
      },
      "engines": {
        "node": ">=18.0.0"
      },
      "funding": {
        "type": "buymeacoffee",
        "url": "https://buymeacoffee.com/monanksojitra"
      }
    }
  }
}
